
Microsoft Visual Studio Solution File, Format Version 12.00
# Visual Studio Version 16
VisualStudioVersion = 16.0.33927.289
MinimumVisualStudioVersion = 10.0.40219.1
Project("{FAE04EC0-301F-11D3-BF4B-00C04F79EFBC}") = "ProjectBookStoreHw", "ProjectBookStoreHw\ProjectBookStoreHw.csproj", "{BC523B3D-833B-49B9-8F54-0972C887E34A}"
EndProject
Global
	GlobalSection(SolutionConfigurationPlatforms) = preSolution
		Debug|Any CPU = Debug|Any CPU
		Release|Any CPU = Release|Any CPU
	EndGlobalSection
	GlobalSection(ProjectConfigurationPlatforms) = postSolution
		{BC523B3D-833B-49B9-8F54-0972C887E34A}.Debug|Any CPU.ActiveCfg = Debug|Any CPU
		{BC523B3D-833B-49B9-8F54-0972C887E34A}.Debug|Any CPU.Build.0 = Debug|Any CPU
		{BC523B3D-833B-49B9-8F54-0972C887E34A}.Release|Any CPU.ActiveCfg = Release|Any CPU
		{BC523B3D-833B-49B9-8F54-0972C887E34A}.Release|Any CPU.Build.0 = Release|Any CPU
	EndGlobalSection
	GlobalSection(SolutionProperties) = preSolution
		HideSolutionNode = FALSE
	EndGlobalSection
	GlobalSection(ExtensibilityGlobals) = postSolution
		SolutionGuid = {15DBBC0C-78D8-4F79-B117-D998C5A12278}
	EndGlobalSection
EndGlobal
